
Microsoft Visual Studio Solution File, Format Version 12.00
# Visual Studio Version 16
VisualStudioVersion = 16.0.30907.101
MinimumVisualStudioVersion = 10.0.40219.1
Project("{FAE04EC0-301F-11D3-BF4B-00C04F79EFBC}") = "PaymentsAPI", "PaymentsAPI.csproj", "{AFCEE7AE-345D-44BA-8D7C-A324805AFE2A}"
EndProject
Global
	GlobalSection(SolutionConfigurationPlatforms) = preSolution
		Debug|Any CPU = Debug|Any CPU
		Release|Any CPU = Release|Any CPU
	EndGlobalSection
	GlobalSection(ProjectConfigurationPlatforms) = postSolution
		{AFCEE7AE-345D-44BA-8D7C-A324805AFE2A}.Debug|Any CPU.ActiveCfg = Debug|Any CPU
		{AFCEE7AE-345D-44BA-8D7C-A324805AFE2A}.Debug|Any CPU.Build.0 = Debug|Any CPU
		{AFCEE7AE-345D-44BA-8D7C-A324805AFE2A}.Release|Any CPU.ActiveCfg = Release|Any CPU
		{AFCEE7AE-345D-44BA-8D7C-A324805AFE2A}.Release|Any CPU.Build.0 = Release|Any CPU
	EndGlobalSection
	GlobalSection(SolutionProperties) = preSolution
		HideSolutionNode = FALSE
	EndGlobalSection
	GlobalSection(ExtensibilityGlobals) = postSolution
		SolutionGuid = {F138B5F9-604D-4A24-84A7-9E3ACB5FAFA1}
	EndGlobalSection
EndGlobal
